
Microsoft Visual Studio Solution File, Format Version 12.00
# Visual Studio 14
VisualStudioVersion = 14.0.25123.0
MinimumVisualStudioVersion = 10.0.40219.1
Project("{FAE04EC0-301F-11D3-BF4B-00C04F79EFBC}") = "Pantheon", "Pantheon\Pantheon.csproj", "{AD746C0E-9CC1-4355-AEA4-35966FF5C783}"
EndProject
Project("{FAE04EC0-301F-11D3-BF4B-00C04F79EFBC}") = "ModelLib", "ModelLib\ModelLib.csproj", "{DF3984B4-D698-402D-ADD7-B2277A570074}"
EndProject
Project("{FAE04EC0-301F-11D3-BF4B-00C04F79EFBC}") = "Sim", "Sim\Sim.csproj", "{4C9F7B87-1EA0-4AB4-9C45-506672EBF99E}"
EndProject
Global
	GlobalSection(SolutionConfigurationPlatforms) = preSolution
		Debug|Any CPU = Debug|Any CPU
		Release|Any CPU = Release|Any CPU
	EndGlobalSection
	GlobalSection(ProjectConfigurationPlatforms) = postSolution
		{AD746C0E-9CC1-4355-AEA4-35966FF5C783}.Debug|Any CPU.ActiveCfg = Debug|Any CPU
		{AD746C0E-9CC1-4355-AEA4-35966FF5C783}.Debug|Any CPU.Build.0 = Debug|Any CPU
		{AD746C0E-9CC1-4355-AEA4-35966FF5C783}.Release|Any CPU.ActiveCfg = Release|Any CPU
		{AD746C0E-9CC1-4355-AEA4-35966FF5C783}.Release|Any CPU.Build.0 = Release|Any CPU
		{DF3984B4-D698-402D-ADD7-B2277A570074}.Debug|Any CPU.ActiveCfg = Debug|Any CPU
		{DF3984B4-D698-402D-ADD7-B2277A570074}.Debug|Any CPU.Build.0 = Debug|Any CPU
		{DF3984B4-D698-402D-ADD7-B2277A570074}.Release|Any CPU.ActiveCfg = Release|Any CPU
		{DF3984B4-D698-402D-ADD7-B2277A570074}.Release|Any CPU.Build.0 = Release|Any CPU
		{4C9F7B87-1EA0-4AB4-9C45-506672EBF99E}.Debug|Any CPU.ActiveCfg = Debug|Any CPU
		{4C9F7B87-1EA0-4AB4-9C45-506672EBF99E}.Debug|Any CPU.Build.0 = Debug|Any CPU
		{4C9F7B87-1EA0-4AB4-9C45-506672EBF99E}.Release|Any CPU.ActiveCfg = Release|Any CPU
		{4C9F7B87-1EA0-4AB4-9C45-506672EBF99E}.Release|Any CPU.Build.0 = Release|Any CPU
	EndGlobalSection
	GlobalSection(SolutionProperties) = preSolution
		HideSolutionNode = FALSE
	EndGlobalSection
EndGlobal
