
Microsoft Visual Studio Solution File, Format Version 12.00
# Visual Studio 15
VisualStudioVersion = 15.0.25428.1
MinimumVisualStudioVersion = 10.0.40219.1
Project("{FAE04EC0-301F-11D3-BF4B-00C04F79EFBC}") = "OlympusHost", "OlympusHost\OlympusHost.csproj", "{5FF05929-E597-45B0-A92B-B0AC42B6C85B}"
EndProject
Project("{FAE04EC0-301F-11D3-BF4B-00C04F79EFBC}") = "Olympus", "Olympus\Olympus.csproj", "{3B9A4154-DA72-4B17-B6E8-512DF6AA4D2E}"
EndProject
Global
	GlobalSection(SolutionConfigurationPlatforms) = preSolution
		Debug|Any CPU = Debug|Any CPU
		Release|Any CPU = Release|Any CPU
	EndGlobalSection
	GlobalSection(ProjectConfigurationPlatforms) = postSolution
		{5FF05929-E597-45B0-A92B-B0AC42B6C85B}.Debug|Any CPU.ActiveCfg = Debug|Any CPU
		{5FF05929-E597-45B0-A92B-B0AC42B6C85B}.Debug|Any CPU.Build.0 = Debug|Any CPU
		{5FF05929-E597-45B0-A92B-B0AC42B6C85B}.Release|Any CPU.ActiveCfg = Release|Any CPU
		{5FF05929-E597-45B0-A92B-B0AC42B6C85B}.Release|Any CPU.Build.0 = Release|Any CPU
		{3B9A4154-DA72-4B17-B6E8-512DF6AA4D2E}.Debug|Any CPU.ActiveCfg = Debug|Any CPU
		{3B9A4154-DA72-4B17-B6E8-512DF6AA4D2E}.Debug|Any CPU.Build.0 = Debug|Any CPU
		{3B9A4154-DA72-4B17-B6E8-512DF6AA4D2E}.Release|Any CPU.ActiveCfg = Release|Any CPU
		{3B9A4154-DA72-4B17-B6E8-512DF6AA4D2E}.Release|Any CPU.Build.0 = Release|Any CPU
	EndGlobalSection
	GlobalSection(SolutionProperties) = preSolution
		HideSolutionNode = FALSE
	EndGlobalSection
EndGlobal
